
Microsoft Visual Studio Solution File, Format Version 12.00
# Visual Studio Version 16
VisualStudioVersion = 16.0.30204.135
MinimumVisualStudioVersion = 10.0.40219.1
Project("{FAE04EC0-301F-11D3-BF4B-00C04F79EFBC}") = "ESDemo", "ESDemo.csproj", "{1B36D25A-3396-4483-94C4-ABF1F6169BAE}"
EndProject
Global
	GlobalSection(SolutionConfigurationPlatforms) = preSolution
		Debug|Any CPU = Debug|Any CPU
		Release|Any CPU = Release|Any CPU
	EndGlobalSection
	GlobalSection(ProjectConfigurationPlatforms) = postSolution
		{1B36D25A-3396-4483-94C4-ABF1F6169BAE}.Debug|Any CPU.ActiveCfg = Debug|Any CPU
		{1B36D25A-3396-4483-94C4-ABF1F6169BAE}.Debug|Any CPU.Build.0 = Debug|Any CPU
		{1B36D25A-3396-4483-94C4-ABF1F6169BAE}.Release|Any CPU.ActiveCfg = Release|Any CPU
		{1B36D25A-3396-4483-94C4-ABF1F6169BAE}.Release|Any CPU.Build.0 = Release|Any CPU
	EndGlobalSection
	GlobalSection(SolutionProperties) = preSolution
		HideSolutionNode = FALSE
	EndGlobalSection
	GlobalSection(ExtensibilityGlobals) = postSolution
		SolutionGuid = {7C3306C9-312B-4788-BAD0-491AA910211B}
	EndGlobalSection
EndGlobal
